
Microsoft Visual Studio Solution File, Format Version 12.00
# Visual Studio Version 16
VisualStudioVersion = 16.0.34729.46
MinimumVisualStudioVersion = 10.0.40219.1
Project("{FAE04EC0-301F-11D3-BF4B-00C04F79EFBC}") = "KiemThuPhanMem_31_Kiet", "KiemThuPhanMem_31_Kiet\KiemThuPhanMem_31_Kiet.csproj", "{4B44A525-30AB-4BC4-984E-468F43DDC766}"
EndProject
Project("{FAE04EC0-301F-11D3-BF4B-00C04F79EFBC}") = "KiemThuPhanMemTester_31_Kiet", "KiemThuPhanMemTester_31_Kiet\KiemThuPhanMemTester_31_Kiet.csproj", "{A4BE8847-1417-4726-A514-46DCB2385A2D}"
EndProject
Project("{FAE04EC0-301F-11D3-BF4B-00C04F79EFBC}") = "WebDriver_Pinterest_31_Kiet", "WebDriver_Pinterest_31_Kiet\WebDriver_Pinterest_31_Kiet.csproj", "{FFAA1112-5572-47C0-A5BF-0ECE7CBBCA53}"
EndProject
Global
	GlobalSection(SolutionConfigurationPlatforms) = preSolution
		Debug|Any CPU = Debug|Any CPU
		Release|Any CPU = Release|Any CPU
	EndGlobalSection
	GlobalSection(ProjectConfigurationPlatforms) = postSolution
		{4B44A525-30AB-4BC4-984E-468F43DDC766}.Debug|Any CPU.ActiveCfg = Debug|Any CPU
		{4B44A525-30AB-4BC4-984E-468F43DDC766}.Debug|Any CPU.Build.0 = Debug|Any CPU
		{4B44A525-30AB-4BC4-984E-468F43DDC766}.Release|Any CPU.ActiveCfg = Release|Any CPU
		{4B44A525-30AB-4BC4-984E-468F43DDC766}.Release|Any CPU.Build.0 = Release|Any CPU
		{A4BE8847-1417-4726-A514-46DCB2385A2D}.Debug|Any CPU.ActiveCfg = Debug|Any CPU
		{A4BE8847-1417-4726-A514-46DCB2385A2D}.Debug|Any CPU.Build.0 = Debug|Any CPU
		{A4BE8847-1417-4726-A514-46DCB2385A2D}.Release|Any CPU.ActiveCfg = Release|Any CPU
		{A4BE8847-1417-4726-A514-46DCB2385A2D}.Release|Any CPU.Build.0 = Release|Any CPU
		{FFAA1112-5572-47C0-A5BF-0ECE7CBBCA53}.Debug|Any CPU.ActiveCfg = Debug|Any CPU
		{FFAA1112-5572-47C0-A5BF-0ECE7CBBCA53}.Debug|Any CPU.Build.0 = Debug|Any CPU
		{FFAA1112-5572-47C0-A5BF-0ECE7CBBCA53}.Release|Any CPU.ActiveCfg = Release|Any CPU
		{FFAA1112-5572-47C0-A5BF-0ECE7CBBCA53}.Release|Any CPU.Build.0 = Release|Any CPU
	EndGlobalSection
	GlobalSection(SolutionProperties) = preSolution
		HideSolutionNode = FALSE
	EndGlobalSection
	GlobalSection(ExtensibilityGlobals) = postSolution
		SolutionGuid = {568F0395-99D2-46A3-8DAA-DAF12125AAFD}
	EndGlobalSection
EndGlobal
